
Microsoft Visual Studio Solution File, Format Version 12.00
# Visual Studio 2012
Project("{FAE04EC0-301F-11D3-BF4B-00C04F79EFBC}") = "Navigation", "Navigation\Navigation.csproj", "{0D4A506A-6C2E-4929-8545-6F2DB74B35E5}"
EndProject
Project("{FAE04EC0-301F-11D3-BF4B-00C04F79EFBC}") = "Navigation.iOS", "iOS\Navigation.iOS.csproj", "{5529A71A-F495-4236-9FB2-E1AFDCCAE133}"
EndProject
Project("{FAE04EC0-301F-11D3-BF4B-00C04F79EFBC}") = "Navigation.Droid", "Droid\Navigation.Droid.csproj", "{82B50231-C3AB-43B5-9AF0-85D3F9652DC9}"
EndProject
Global
	GlobalSection(SolutionConfigurationPlatforms) = preSolution
		Debug|Any CPU = Debug|Any CPU
		Release|Any CPU = Release|Any CPU
		Debug|iPhoneSimulator = Debug|iPhoneSimulator
		Release|iPhone = Release|iPhone
		Release|iPhoneSimulator = Release|iPhoneSimulator
		Debug|iPhone = Debug|iPhone
	EndGlobalSection
	GlobalSection(ProjectConfigurationPlatforms) = postSolution
		{0D4A506A-6C2E-4929-8545-6F2DB74B35E5}.Debug|Any CPU.ActiveCfg = Debug|Any CPU
		{0D4A506A-6C2E-4929-8545-6F2DB74B35E5}.Debug|Any CPU.Build.0 = Debug|Any CPU
		{0D4A506A-6C2E-4929-8545-6F2DB74B35E5}.Release|Any CPU.ActiveCfg = Release|Any CPU
		{0D4A506A-6C2E-4929-8545-6F2DB74B35E5}.Release|Any CPU.Build.0 = Release|Any CPU
		{0D4A506A-6C2E-4929-8545-6F2DB74B35E5}.Debug|iPhoneSimulator.ActiveCfg = Debug|Any CPU
		{0D4A506A-6C2E-4929-8545-6F2DB74B35E5}.Debug|iPhoneSimulator.Build.0 = Debug|Any CPU
		{0D4A506A-6C2E-4929-8545-6F2DB74B35E5}.Release|iPhone.ActiveCfg = Release|Any CPU
		{0D4A506A-6C2E-4929-8545-6F2DB74B35E5}.Release|iPhone.Build.0 = Release|Any CPU
		{0D4A506A-6C2E-4929-8545-6F2DB74B35E5}.Release|iPhoneSimulator.ActiveCfg = Release|Any CPU
		{0D4A506A-6C2E-4929-8545-6F2DB74B35E5}.Release|iPhoneSimulator.Build.0 = Release|Any CPU
		{0D4A506A-6C2E-4929-8545-6F2DB74B35E5}.Debug|iPhone.ActiveCfg = Debug|Any CPU
		{0D4A506A-6C2E-4929-8545-6F2DB74B35E5}.Debug|iPhone.Build.0 = Debug|Any CPU
		{5529A71A-F495-4236-9FB2-E1AFDCCAE133}.Debug|Any CPU.ActiveCfg = Debug|iPhoneSimulator
		{5529A71A-F495-4236-9FB2-E1AFDCCAE133}.Debug|Any CPU.Build.0 = Debug|iPhoneSimulator
		{5529A71A-F495-4236-9FB2-E1AFDCCAE133}.Release|Any CPU.ActiveCfg = Release|iPhone
		{5529A71A-F495-4236-9FB2-E1AFDCCAE133}.Release|Any CPU.Build.0 = Release|iPhone
		{5529A71A-F495-4236-9FB2-E1AFDCCAE133}.Debug|iPhoneSimulator.ActiveCfg = Debug|iPhoneSimulator
		{5529A71A-F495-4236-9FB2-E1AFDCCAE133}.Debug|iPhoneSimulator.Build.0 = Debug|iPhoneSimulator
		{5529A71A-F495-4236-9FB2-E1AFDCCAE133}.Release|iPhone.ActiveCfg = Release|iPhone
		{5529A71A-F495-4236-9FB2-E1AFDCCAE133}.Release|iPhone.Build.0 = Release|iPhone
		{5529A71A-F495-4236-9FB2-E1AFDCCAE133}.Release|iPhoneSimulator.ActiveCfg = Release|iPhoneSimulator
		{5529A71A-F495-4236-9FB2-E1AFDCCAE133}.Release|iPhoneSimulator.Build.0 = Release|iPhoneSimulator
		{5529A71A-F495-4236-9FB2-E1AFDCCAE133}.Debug|iPhone.ActiveCfg = Debug|iPhone
		{5529A71A-F495-4236-9FB2-E1AFDCCAE133}.Debug|iPhone.Build.0 = Debug|iPhone
		{82B50231-C3AB-43B5-9AF0-85D3F9652DC9}.Debug|Any CPU.ActiveCfg = Debug|Any CPU
		{82B50231-C3AB-43B5-9AF0-85D3F9652DC9}.Debug|Any CPU.Build.0 = Debug|Any CPU
		{82B50231-C3AB-43B5-9AF0-85D3F9652DC9}.Release|Any CPU.ActiveCfg = Release|Any CPU
		{82B50231-C3AB-43B5-9AF0-85D3F9652DC9}.Release|Any CPU.Build.0 = Release|Any CPU
		{82B50231-C3AB-43B5-9AF0-85D3F9652DC9}.Debug|iPhoneSimulator.ActiveCfg = Debug|Any CPU
		{82B50231-C3AB-43B5-9AF0-85D3F9652DC9}.Debug|iPhoneSimulator.Build.0 = Debug|Any CPU
		{82B50231-C3AB-43B5-9AF0-85D3F9652DC9}.Release|iPhone.ActiveCfg = Release|Any CPU
		{82B50231-C3AB-43B5-9AF0-85D3F9652DC9}.Release|iPhone.Build.0 = Release|Any CPU
		{82B50231-C3AB-43B5-9AF0-85D3F9652DC9}.Release|iPhoneSimulator.ActiveCfg = Release|Any CPU
		{82B50231-C3AB-43B5-9AF0-85D3F9652DC9}.Release|iPhoneSimulator.Build.0 = Release|Any CPU
		{82B50231-C3AB-43B5-9AF0-85D3F9652DC9}.Debug|iPhone.ActiveCfg = Debug|Any CPU
		{82B50231-C3AB-43B5-9AF0-85D3F9652DC9}.Debug|iPhone.Build.0 = Debug|Any CPU
	EndGlobalSection
EndGlobal
